
Microsoft Visual Studio Solution File, Format Version 12.00
# Visual Studio 15
VisualStudioVersion = 15.0.28307.539
MinimumVisualStudioVersion = 10.0.40219.1
Project("{FAE04EC0-301F-11D3-BF4B-00C04F79EFBC}") = "ConsoleApp1", "ConsoleApp1\ConsoleApp1.csproj", "{5A9684C3-5DC2-4587-A7BE-844C2B3BB216}"
EndProject
Global
	GlobalSection(SolutionConfigurationPlatforms) = preSolution
		Debug|Any CPU = Debug|Any CPU
		Release|Any CPU = Release|Any CPU
	EndGlobalSection
	GlobalSection(ProjectConfigurationPlatforms) = postSolution
		{5A9684C3-5DC2-4587-A7BE-844C2B3BB216}.Debug|Any CPU.ActiveCfg = Debug|Any CPU
		{5A9684C3-5DC2-4587-A7BE-844C2B3BB216}.Debug|Any CPU.Build.0 = Debug|Any CPU
		{5A9684C3-5DC2-4587-A7BE-844C2B3BB216}.Release|Any CPU.ActiveCfg = Release|Any CPU
		{5A9684C3-5DC2-4587-A7BE-844C2B3BB216}.Release|Any CPU.Build.0 = Release|Any CPU
	EndGlobalSection
	GlobalSection(SolutionProperties) = preSolution
		HideSolutionNode = FALSE
	EndGlobalSection
	GlobalSection(ExtensibilityGlobals) = postSolution
		SolutionGuid = {0E86820D-55D9-428C-B4D6-FB0AE9304972}
	EndGlobalSection
EndGlobal
